
Microsoft Visual Studio Solution File, Format Version 12.00
# Visual Studio Version 16
VisualStudioVersion = 16.0.31729.503
MinimumVisualStudioVersion = 10.0.40219.1
Project("{FAE04EC0-301F-11D3-BF4B-00C04F79EFBC}") = "EmployeesApp", "EmployeesApp\EmployeesApp.csproj", "{96896116-975E-4F78-BCC9-6A49B85ADB43}"
EndProject
Project("{FAE04EC0-301F-11D3-BF4B-00C04F79EFBC}") = "EmployeesApp.Tests", "EmployeesApp.Tests\EmployeesApp.Tests.csproj", "{B9B3DDE0-2194-40AE-BBB1-B922C4114D22}"
EndProject
Project("{FAE04EC0-301F-11D3-BF4B-00C04F79EFBC}") = "EmployeesApp.IntegrationTests", "EmployeesApp.IntegrationTests\EmployeesApp.IntegrationTests.csproj", "{717F01E3-A270-4A67-8949-4ED929DFBC6C}"
EndProject
Project("{FAE04EC0-301F-11D3-BF4B-00C04F79EFBC}") = "EmployeesApp.AutomatedUITests", "EmployeesApp.AutomatedUITests\EmployeesApp.AutomatedUITests.csproj", "{FEC4D3E6-F7EC-44B3-A452-799CA510B3AF}"
EndProject
Global
	GlobalSection(SolutionConfigurationPlatforms) = preSolution
		Debug|Any CPU = Debug|Any CPU
		Release|Any CPU = Release|Any CPU
	EndGlobalSection
	GlobalSection(ProjectConfigurationPlatforms) = postSolution
		{96896116-975E-4F78-BCC9-6A49B85ADB43}.Debug|Any CPU.ActiveCfg = Debug|Any CPU
		{96896116-975E-4F78-BCC9-6A49B85ADB43}.Debug|Any CPU.Build.0 = Debug|Any CPU
		{96896116-975E-4F78-BCC9-6A49B85ADB43}.Release|Any CPU.ActiveCfg = Release|Any CPU
		{96896116-975E-4F78-BCC9-6A49B85ADB43}.Release|Any CPU.Build.0 = Release|Any CPU
		{B9B3DDE0-2194-40AE-BBB1-B922C4114D22}.Debug|Any CPU.ActiveCfg = Debug|Any CPU
		{B9B3DDE0-2194-40AE-BBB1-B922C4114D22}.Debug|Any CPU.Build.0 = Debug|Any CPU
		{B9B3DDE0-2194-40AE-BBB1-B922C4114D22}.Release|Any CPU.ActiveCfg = Release|Any CPU
		{B9B3DDE0-2194-40AE-BBB1-B922C4114D22}.Release|Any CPU.Build.0 = Release|Any CPU
		{717F01E3-A270-4A67-8949-4ED929DFBC6C}.Debug|Any CPU.ActiveCfg = Debug|Any CPU
		{717F01E3-A270-4A67-8949-4ED929DFBC6C}.Debug|Any CPU.Build.0 = Debug|Any CPU
		{717F01E3-A270-4A67-8949-4ED929DFBC6C}.Release|Any CPU.ActiveCfg = Release|Any CPU
		{717F01E3-A270-4A67-8949-4ED929DFBC6C}.Release|Any CPU.Build.0 = Release|Any CPU
		{FEC4D3E6-F7EC-44B3-A452-799CA510B3AF}.Debug|Any CPU.ActiveCfg = Debug|Any CPU
		{FEC4D3E6-F7EC-44B3-A452-799CA510B3AF}.Debug|Any CPU.Build.0 = Debug|Any CPU
		{FEC4D3E6-F7EC-44B3-A452-799CA510B3AF}.Release|Any CPU.ActiveCfg = Release|Any CPU
		{FEC4D3E6-F7EC-44B3-A452-799CA510B3AF}.Release|Any CPU.Build.0 = Release|Any CPU
	EndGlobalSection
	GlobalSection(SolutionProperties) = preSolution
		HideSolutionNode = FALSE
	EndGlobalSection
	GlobalSection(ExtensibilityGlobals) = postSolution
		SolutionGuid = {EDF4ACCC-E2D9-4BC1-92EC-4E36E519616B}
	EndGlobalSection
EndGlobal
